
Microsoft Visual Studio Solution File, Format Version 12.00
# Visual Studio Version 17
VisualStudioVersion = 17.10.35122.118
MinimumVisualStudioVersion = 10.0.40219.1
Project("{FAE04EC0-301F-11D3-BF4B-00C04F79EFBC}") = "PokemonApi", "PokemonApi\PokemonApi.csproj", "{CADD2030-BE97-4E2B-806F-A0F2B3E6213B}"
EndProject
Global
	GlobalSection(SolutionConfigurationPlatforms) = preSolution
		Debug|Any CPU = Debug|Any CPU
		Release|Any CPU = Release|Any CPU
	EndGlobalSection
	GlobalSection(ProjectConfigurationPlatforms) = postSolution
		{CADD2030-BE97-4E2B-806F-A0F2B3E6213B}.Debug|Any CPU.ActiveCfg = Debug|Any CPU
		{CADD2030-BE97-4E2B-806F-A0F2B3E6213B}.Debug|Any CPU.Build.0 = Debug|Any CPU
		{CADD2030-BE97-4E2B-806F-A0F2B3E6213B}.Release|Any CPU.ActiveCfg = Release|Any CPU
		{CADD2030-BE97-4E2B-806F-A0F2B3E6213B}.Release|Any CPU.Build.0 = Release|Any CPU
	EndGlobalSection
	GlobalSection(SolutionProperties) = preSolution
		HideSolutionNode = FALSE
	EndGlobalSection
	GlobalSection(ExtensibilityGlobals) = postSolution
		SolutionGuid = {503491E7-DBDD-47EA-A61C-EA4BB324F896}
	EndGlobalSection
EndGlobal
